// !$*UTF8*$!
{
	archiveVersion = 1;
	classes = {
	};
	objectVersion = 50;
	objects = {

/* Begin PBXBuildFile section */
		19E0CB83217D75D3007290BA /* AppDelegate.swift in Sources */ = {isa = PBXBuildFile; fileRef = 19E0CB82217D75D3007290BA /* AppDelegate.swift */; };
		19E0CB85217D75D3007290BA /* ViewController.swift in Sources */ = {isa = PBXBuildFile; fileRef = 19E0CB84217D75D3007290BA /* ViewController.swift */; };
		19E0CB88217D75D3007290BA /* Main.storyboard in Resources */ = {isa = PBXBuildFile; fileRef = 19E0CB86217D75D3007290BA /* Main.storyboard */; };
		19E0CB8A217D75D5007290BA /* Assets.xcassets in Resources */ = {isa = PBXBuildFile; fileRef = 19E0CB89217D75D5007290BA /* Assets.xcassets */; };
		19E0CB8D217D75D5007290BA /* LaunchScreen.storyboard in Resources */ = {isa = PBXBuildFile; fileRef = 19E0CB8B217D75D5007290BA /* LaunchScreen.storyboard */; };
		19E0CB98217DA4BD007290BA /* TestAlertView.swift in Sources */ = {isa = PBXBuildFile; fileRef = 19E0CB97217DA4BD007290BA /* TestAlertView.swift */; };
		19E0CB9D217F0023007290BA /* TestAlertView.xib in Resources */ = {isa = PBXBuildFile; fileRef = 19E0CB9C217F0023007290BA /* TestAlertView.xib */; };
		19E0CB9F217F0335007290BA /* AnimationViewController.swift in Sources */ = {isa = PBXBuildFile; fileRef = 19E0CB9E217F0335007290BA /* AnimationViewController.swift */; };
		19E0CBA1217F0342007290BA /* BackgroundViewController.swift in Sources */ = {isa = PBXBuildFile; fileRef = 19E0CBA0217F0342007290BA /* BackgroundViewController.swift */; };
		19E0CBA4217F29A7007290BA /* JXPopupViewSpringDownwardAnimator.swift in Sources */ = {isa = PBXBuildFile; fileRef = 19E0CBA3217F29A7007290BA /* JXPopupViewSpringDownwardAnimator.swift */; };
		19E0CBA6217F2A73007290BA /* JXPopupViewCustomAnimator.swift in Sources */ = {isa = PBXBuildFile; fileRef = 19E0CBA5217F2A73007290BA /* JXPopupViewCustomAnimator.swift */; };
		19E0CBB421801FDA007290BA /* Blurlight.gif in Resources */ = {isa = PBXBuildFile; fileRef = 19E0CBA821801FD9007290BA /* Blurlight.gif */; };
		19E0CBB521801FDA007290BA /* Downward.gif in Resources */ = {isa = PBXBuildFile; fileRef = 19E0CBA921801FD9007290BA /* Downward.gif */; };
		19E0CBB621801FDA007290BA /* BlurDark.gif in Resources */ = {isa = PBXBuildFile; fileRef = 19E0CBAA21801FD9007290BA /* BlurDark.gif */; };
		19E0CBB721801FDA007290BA /* FadeInOut.gif in Resources */ = {isa = PBXBuildFile; fileRef = 19E0CBAB21801FDA007290BA /* FadeInOut.gif */; };
		19E0CBB821801FDA007290BA /* CustomView.gif in Resources */ = {isa = PBXBuildFile; fileRef = 19E0CBAC21801FDA007290BA /* CustomView.gif */; };
		19E0CBB921801FDA007290BA /* Upward.gif in Resources */ = {isa = PBXBuildFile; fileRef = 19E0CBAD21801FDA007290BA /* Upward.gif */; };
		19E0CBBA21801FDA007290BA /* Rightward.gif in Resources */ = {isa = PBXBuildFile; fileRef = 19E0CBAE21801FDA007290BA /* Rightward.gif */; };
		19E0CBBB21801FDA007290BA /* Leftward.gif in Resources */ = {isa = PBXBuildFile; fileRef = 19E0CBAF21801FDA007290BA /* Leftward.gif */; };
		19E0CBBC21801FDA007290BA /* CustomAnimation.gif in Resources */ = {isa = PBXBuildFile; fileRef = 19E0CBB021801FDA007290BA /* CustomAnimation.gif */; };
		19E0CBBD21801FDA007290BA /* ZoomInOut.gif in Resources */ = {isa = PBXBuildFile; fileRef = 19E0CBB121801FDA007290BA /* ZoomInOut.gif */; };
		19E0CBBE21801FDA007290BA /* VCView.gif in Resources */ = {isa = PBXBuildFile; fileRef = 19E0CBB221801FDA007290BA /* VCView.gif */; };
		19E0CBBF21801FDA007290BA /* Spring.gif in Resources */ = {isa = PBXBuildFile; fileRef = 19E0CBB321801FDA007290BA /* Spring.gif */; };
		19E0CBC221803D55007290BA /* JXPopupView.swift in Sources */ = {isa = PBXBuildFile; fileRef = 19E0CBC121803D55007290BA /* JXPopupView.swift */; };
/* End PBXBuildFile section */

/* Begin PBXFileReference section */
		19E0CB7F217D75D3007290BA /* JXPopupView.app */ = {isa = PBXFileReference; explicitFileType = wrapper.application; includeInIndex = 0; path = JXPopupView.app; sourceTree = BUILT_PRODUCTS_DIR; };
		19E0CB82217D75D3007290BA /* AppDelegate.swift */ = {isa = PBXFileReference; lastKnownFileType = sourcecode.swift; path = AppDelegate.swift; sourceTree = "<group>"; };
		19E0CB84217D75D3007290BA /* ViewController.swift */ = {isa = PBXFileReference; lastKnownFileType = sourcecode.swift; path = ViewController.swift; sourceTree = "<group>"; };
		19E0CB87217D75D3007290BA /* Base */ = {isa = PBXFileReference; lastKnownFileType = file.storyboard; name = Base; path = Base.lproj/Main.storyboard; sourceTree = "<group>"; };
		19E0CB89217D75D5007290BA /* Assets.xcassets */ = {isa = PBXFileReference; lastKnownFileType = folder.assetcatalog; path = Assets.xcassets; sourceTree = "<group>"; };
		19E0CB8C217D75D5007290BA /* Base */ = {isa = PBXFileReference; lastKnownFileType = file.storyboard; name = Base; path = Base.lproj/LaunchScreen.storyboard; sourceTree = "<group>"; };
		19E0CB8E217D75D5007290BA /* Info.plist */ = {isa = PBXFileReference; lastKnownFileType = text.plist.xml; path = Info.plist; sourceTree = "<group>"; };
		19E0CB97217DA4BD007290BA /* TestAlertView.swift */ = {isa = PBXFileReference; lastKnownFileType = sourcecode.swift; path = TestAlertView.swift; sourceTree = "<group>"; };
		19E0CB9C217F0023007290BA /* TestAlertView.xib */ = {isa = PBXFileReference; lastKnownFileType = file.xib; path = TestAlertView.xib; sourceTree = "<group>"; };
		19E0CB9E217F0335007290BA /* AnimationViewController.swift */ = {isa = PBXFileReference; lastKnownFileType = sourcecode.swift; path = AnimationViewController.swift; sourceTree = "<group>"; };
		19E0CBA0217F0342007290BA /* BackgroundViewController.swift */ = {isa = PBXFileReference; lastKnownFileType = sourcecode.swift; path = BackgroundViewController.swift; sourceTree = "<group>"; };
		19E0CBA3217F29A7007290BA /* JXPopupViewSpringDownwardAnimator.swift */ = {isa = PBXFileReference; lastKnownFileType = sourcecode.swift; path = JXPopupViewSpringDownwardAnimator.swift; sourceTree = "<group>"; };
		19E0CBA5217F2A73007290BA /* JXPopupViewCustomAnimator.swift */ = {isa = PBXFileReference; lastKnownFileType = sourcecode.swift; path = JXPopupViewCustomAnimator.swift; sourceTree = "<group>"; };
		19E0CBA821801FD9007290BA /* Blurlight.gif */ = {isa = PBXFileReference; lastKnownFileType = image.gif; path = Blurlight.gif; sourceTree = "<group>"; };
		19E0CBA921801FD9007290BA /* Downward.gif */ = {isa = PBXFileReference; lastKnownFileType = image.gif; path = Downward.gif; sourceTree = "<group>"; };
		19E0CBAA21801FD9007290BA /* BlurDark.gif */ = {isa = PBXFileReference; lastKnownFileType = image.gif; path = BlurDark.gif; sourceTree = "<group>"; };
		19E0CBAB21801FDA007290BA /* FadeInOut.gif */ = {isa = PBXFileReference; lastKnownFileType = image.gif; path = FadeInOut.gif; sourceTree = "<group>"; };
		19E0CBAC21801FDA007290BA /* CustomView.gif */ = {isa = PBXFileReference; lastKnownFileType = image.gif; path = CustomView.gif; sourceTree = "<group>"; };
		19E0CBAD21801FDA007290BA /* Upward.gif */ = {isa = PBXFileReference; lastKnownFileType = image.gif; path = Upward.gif; sourceTree = "<group>"; };
		19E0CBAE21801FDA007290BA /* Rightward.gif */ = {isa = PBXFileReference; lastKnownFileType = image.gif; path = Rightward.gif; sourceTree = "<group>"; };
		19E0CBAF21801FDA007290BA /* Leftward.gif */ = {isa = PBXFileReference; lastKnownFileType = image.gif; path = Leftward.gif; sourceTree = "<group>"; };
		19E0CBB021801FDA007290BA /* CustomAnimation.gif */ = {isa = PBXFileReference; lastKnownFileType = image.gif; path = CustomAnimation.gif; sourceTree = "<group>"; };
		19E0CBB121801FDA007290BA /* ZoomInOut.gif */ = {isa = PBXFileReference; lastKnownFileType = image.gif; path = ZoomInOut.gif; sourceTree = "<group>"; };
		19E0CBB221801FDA007290BA /* VCView.gif */ = {isa = PBXFileReference; lastKnownFileType = image.gif; path = VCView.gif; sourceTree = "<group>"; };
		19E0CBB321801FDA007290BA /* Spring.gif */ = {isa = PBXFileReference; lastKnownFileType = image.gif; path = Spring.gif; sourceTree = "<group>"; };
		19E0CBC121803D55007290BA /* JXPopupView.swift */ = {isa = PBXFileReference; fileEncoding = 4; lastKnownFileType = sourcecode.swift; path = JXPopupView.swift; sourceTree = "<group>"; };
/* End PBXFileReference section */

/* Begin PBXFrameworksBuildPhase section */
		19E0CB7C217D75D3007290BA /* Frameworks */ = {
			isa = PBXFrameworksBuildPhase;
			buildActionMask = 2147483647;
			files = (
			);
			runOnlyForDeploymentPostprocessing = 0;
		};
/* End PBXFrameworksBuildPhase section */

/* Begin PBXGroup section */
		19E0CB76217D75D3007290BA = {
			isa = PBXGroup;
			children = (
				19E0CB81217D75D3007290BA /* JXPopupView */,
				19E0CB80217D75D3007290BA /* Products */,
			);
			sourceTree = "<group>";
		};
		19E0CB80217D75D3007290BA /* Products */ = {
			isa = PBXGroup;
			children = (
				19E0CB7F217D75D3007290BA /* JXPopupView.app */,
			);
			name = Products;
			sourceTree = "<group>";
		};
		19E0CB81217D75D3007290BA /* JXPopupView */ = {
			isa = PBXGroup;
			children = (
				19E0CBC021803D55007290BA /* Sources */,
				19E0CBA2217F2940007290BA /* Example */,
				19E0CB82217D75D3007290BA /* AppDelegate.swift */,
				19E0CB84217D75D3007290BA /* ViewController.swift */,
				19E0CB86217D75D3007290BA /* Main.storyboard */,
				19E0CB89217D75D5007290BA /* Assets.xcassets */,
				19E0CB8B217D75D5007290BA /* LaunchScreen.storyboard */,
				19E0CB8E217D75D5007290BA /* Info.plist */,
				19E0CBA721801FC1007290BA /* GIF */,
			);
			path = JXPopupView;
			sourceTree = "<group>";
		};
		19E0CBA2217F2940007290BA /* Example */ = {
			isa = PBXGroup;
			children = (
				19E0CB9E217F0335007290BA /* AnimationViewController.swift */,
				19E0CBA0217F0342007290BA /* BackgroundViewController.swift */,
				19E0CBA3217F29A7007290BA /* JXPopupViewSpringDownwardAnimator.swift */,
				19E0CBA5217F2A73007290BA /* JXPopupViewCustomAnimator.swift */,
				19E0CB97217DA4BD007290BA /* TestAlertView.swift */,
				19E0CB9C217F0023007290BA /* TestAlertView.xib */,
			);
			path = Example;
			sourceTree = "<group>";
		};
		19E0CBA721801FC1007290BA /* GIF */ = {
			isa = PBXGroup;
			children = (
				19E0CBAA21801FD9007290BA /* BlurDark.gif */,
				19E0CBA821801FD9007290BA /* Blurlight.gif */,
				19E0CBB021801FDA007290BA /* CustomAnimation.gif */,
				19E0CBAC21801FDA007290BA /* CustomView.gif */,
				19E0CBA921801FD9007290BA /* Downward.gif */,
				19E0CBAB21801FDA007290BA /* FadeInOut.gif */,
				19E0CBAF21801FDA007290BA /* Leftward.gif */,
				19E0CBAE21801FDA007290BA /* Rightward.gif */,
				19E0CBB321801FDA007290BA /* Spring.gif */,
				19E0CBAD21801FDA007290BA /* Upward.gif */,
				19E0CBB221801FDA007290BA /* VCView.gif */,
				19E0CBB121801FDA007290BA /* ZoomInOut.gif */,
			);
			path = GIF;
			sourceTree = "<group>";
		};
		19E0CBC021803D55007290BA /* Sources */ = {
			isa = PBXGroup;
			children = (
				19E0CBC121803D55007290BA /* JXPopupView.swift */,
			);
			path = Sources;
			sourceTree = SOURCE_ROOT;
		};
/* End PBXGroup section */

/* Begin PBXNativeTarget section */
		19E0CB7E217D75D3007290BA /* JXPopupView */ = {
			isa = PBXNativeTarget;
			buildConfigurationList = 19E0CB91217D75D5007290BA /* Build configuration list for PBXNativeTarget "JXPopupView" */;
			buildPhases = (
				19E0CB7B217D75D3007290BA /* Sources */,
				19E0CB7C217D75D3007290BA /* Frameworks */,
				19E0CB7D217D75D3007290BA /* Resources */,
			);
			buildRules = (
			);
			dependencies = (
			);
			name = JXPopupView;
			productName = JXPopupView;
			productReference = 19E0CB7F217D75D3007290BA /* JXPopupView.app */;
			productType = "com.apple.product-type.application";
		};
/* End PBXNativeTarget section */

/* Begin PBXProject section */
		19E0CB77217D75D3007290BA /* Project object */ = {
			isa = PBXProject;
			attributes = {
				LastSwiftUpdateCheck = 1000;
				LastUpgradeCheck = 1000;
				ORGANIZATIONNAME = jiaxin;
				TargetAttributes = {
					19E0CB7E217D75D3007290BA = {
						CreatedOnToolsVersion = 10.0;
					};
				};
			};
			buildConfigurationList = 19E0CB7A217D75D3007290BA /* Build configuration list for PBXProject "JXPopupView" */;
			compatibilityVersion = "Xcode 9.3";
			developmentRegion = en;
			hasScannedForEncodings = 0;
			knownRegions = (
				en,
				Base,
			);
			mainGroup = 19E0CB76217D75D3007290BA;
			productRefGroup = 19E0CB80217D75D3007290BA /* Products */;
			projectDirPath = "";
			projectRoot = "";
			targets = (
				19E0CB7E217D75D3007290BA /* JXPopupView */,
			);
		};
/* End PBXProject section */

/* Begin PBXResourcesBuildPhase section */
		19E0CB7D217D75D3007290BA /* Resources */ = {
			isa = PBXResourcesBuildPhase;
			buildActionMask = 2147483647;
			files = (
				19E0CBB721801FDA007290BA /* FadeInOut.gif in Resources */,
				19E0CBBF21801FDA007290BA /* Spring.gif in Resources */,
				19E0CBBB21801FDA007290BA /* Leftward.gif in Resources */,
				19E0CBB921801FDA007290BA /* Upward.gif in Resources */,
				19E0CBB521801FDA007290BA /* Downward.gif in Resources */,
				19E0CB8D217D75D5007290BA /* LaunchScreen.storyboard in Resources */,
				19E0CBBC21801FDA007290BA /* CustomAnimation.gif in Resources */,
				19E0CB9D217F0023007290BA /* TestAlertView.xib in Resources */,
				19E0CBBD21801FDA007290BA /* ZoomInOut.gif in Resources */,
				19E0CB8A217D75D5007290BA /* Assets.xcassets in Resources */,
				19E0CBBE21801FDA007290BA /* VCView.gif in Resources */,
				19E0CB88217D75D3007290BA /* Main.storyboard in Resources */,
				19E0CBBA21801FDA007290BA /* Rightward.gif in Resources */,
				19E0CBB821801FDA007290BA /* CustomView.gif in Resources */,
				19E0CBB621801FDA007290BA /* BlurDark.gif in Resources */,
				19E0CBB421801FDA007290BA /* Blurlight.gif in Resources */,
			);
			runOnlyForDeploymentPostprocessing = 0;
		};
/* End PBXResourcesBuildPhase section */

/* Begin PBXSourcesBuildPhase section */
		19E0CB7B217D75D3007290BA /* Sources */ = {
			isa = PBXSourcesBuildPhase;
			buildActionMask = 2147483647;
			files = (
				19E0CBA4217F29A7007290BA /* JXPopupViewSpringDownwardAnimator.swift in Sources */,
				19E0CBA6217F2A73007290BA /* JXPopupViewCustomAnimator.swift in Sources */,
				19E0CBA1217F0342007290BA /* BackgroundViewController.swift in Sources */,
				19E0CB85217D75D3007290BA /* ViewController.swift in Sources */,
				19E0CB98217DA4BD007290BA /* TestAlertView.swift in Sources */,
				19E0CBC221803D55007290BA /* JXPopupView.swift in Sources */,
				19E0CB9F217F0335007290BA /* AnimationViewController.swift in Sources */,
				19E0CB83217D75D3007290BA /* AppDelegate.swift in Sources */,
			);
			runOnlyForDeploymentPostprocessing = 0;
		};
/* End PBXSourcesBuildPhase section */

/* Begin PBXVariantGroup section */
		19E0CB86217D75D3007290BA /* Main.storyboard */ = {
			isa = PBXVariantGroup;
			children = (
				19E0CB87217D75D3007290BA /* Base */,
			);
			name = Main.storyboard;
			sourceTree = "<group>";
		};
		19E0CB8B217D75D5007290BA /* LaunchScreen.storyboard */ = {
			isa = PBXVariantGroup;
			children = (
				19E0CB8C217D75D5007290BA /* Base */,
			);
			name = LaunchScreen.storyboard;
			sourceTree = "<group>";
		};
/* End PBXVariantGroup section */

/* Begin XCBuildConfiguration section */
		19E0CB8F217D75D5007290BA /* Debug */ = {
			isa = XCBuildConfiguration;
			buildSettings = {
				ALWAYS_SEARCH_USER_PATHS = NO;
				CLANG_ANALYZER_NONNULL = YES;
				CLANG_ANALYZER_NUMBER_OBJECT_CONVERSION = YES_AGGRESSIVE;
				CLANG_CXX_LANGUAGE_STANDARD = "gnu++14";
				CLANG_CXX_LIBRARY = "libc++";
				CLANG_ENABLE_MODULES = YES;
				CLANG_ENABLE_OBJC_ARC = YES;
				CLANG_ENABLE_OBJC_WEAK = YES;
				CLANG_WARN_BLOCK_CAPTURE_AUTORELEASING = YES;
				CLANG_WARN_BOOL_CONVERSION = YES;
				CLANG_WARN_COMMA = YES;
				CLANG_WARN_CONSTANT_CONVERSION = YES;
				CLANG_WARN_DEPRECATED_OBJC_IMPLEMENTATIONS = YES;
				CLANG_WARN_DIRECT_OBJC_ISA_USAGE = YES_ERROR;
				CLANG_WARN_DOCUMENTATION_COMMENTS = YES;
				CLANG_WARN_EMPTY_BODY = YES;
				CLANG_WARN_ENUM_CONVERSION = YES;
				CLANG_WARN_INFINITE_RECURSION = YES;
				CLANG_WARN_INT_CONVERSION = YES;
				CLANG_WARN_NON_LITERAL_NULL_CONVERSION = YES;
				CLANG_WARN_OBJC_IMPLICIT_RETAIN_SELF = YES;
				CLANG_WARN_OBJC_LITERAL_CONVERSION = YES;
				CLANG_WARN_OBJC_ROOT_CLASS = YES_ERROR;
				CLANG_WARN_RANGE_LOOP_ANALYSIS = YES;
				CLANG_WARN_STRICT_PROTOTYPES = YES;
				CLANG_WARN_SUSPICIOUS_MOVE = YES;
				CLANG_WARN_UNGUARDED_AVAILABILITY = YES_AGGRESSIVE;
				CLANG_WARN_UNREACHABLE_CODE = YES;
				CLANG_WARN__DUPLICATE_METHOD_MATCH = YES;
				CODE_SIGN_IDENTITY = "iPhone Developer";
				COPY_PHASE_STRIP = NO;
				DEBUG_INFORMATION_FORMAT = dwarf;
				ENABLE_STRICT_OBJC_MSGSEND = YES;
				ENABLE_TESTABILITY = YES;
				GCC_C_LANGUAGE_STANDARD = gnu11;
				GCC_DYNAMIC_NO_PIC = NO;
				GCC_NO_COMMON_BLOCKS = YES;
				GCC_OPTIMIZATION_LEVEL = 0;
				GCC_PREPROCESSOR_DEFINITIONS = (
					"DEBUG=1",
					"$(inherited)",
				);
				GCC_WARN_64_TO_32_BIT_CONVERSION = YES;
				GCC_WARN_ABOUT_RETURN_TYPE = YES_ERROR;
				GCC_WARN_UNDECLARED_SELECTOR = YES;
				GCC_WARN_UNINITIALIZED_AUTOS = YES_AGGRESSIVE;
				GCC_WARN_UNUSED_FUNCTION = YES;
				GCC_WARN_UNUSED_VARIABLE = YES;
				IPHONEOS_DEPLOYMENT_TARGET = 12.0;
				MTL_ENABLE_DEBUG_INFO = INCLUDE_SOURCE;
				MTL_FAST_MATH = YES;
				ONLY_ACTIVE_ARCH = YES;
				SDKROOT = iphoneos;
				SWIFT_ACTIVE_COMPILATION_CONDITIONS = DEBUG;
				SWIFT_OPTIMIZATION_LEVEL = "-Onone";
			};
			name = Debug;
		};
		19E0CB90217D75D5007290BA /* Release */ = {
			isa = XCBuildConfiguration;
			buildSettings = {
				ALWAYS_SEARCH_USER_PATHS = NO;
				CLANG_ANALYZER_NONNULL = YES;
				CLANG_ANALYZER_NUMBER_OBJECT_CONVERSION = YES_AGGRESSIVE;
				CLANG_CXX_LANGUAGE_STANDARD = "gnu++14";
				CLANG_CXX_LIBRARY = "libc++";
				CLANG_ENABLE_MODULES = YES;
				CLANG_ENABLE_OBJC_ARC = YES;
				CLANG_ENABLE_OBJC_WEAK = YES;
				CLANG_WARN_BLOCK_CAPTURE_AUTORELEASING = YES;
				CLANG_WARN_BOOL_CONVERSION = YES;
				CLANG_WARN_COMMA = YES;
				CLANG_WARN_CONSTANT_CONVERSION = YES;
				CLANG_WARN_DEPRECATED_OBJC_IMPLEMENTATIONS = YES;
				CLANG_WARN_DIRECT_OBJC_ISA_USAGE = YES_ERROR;
				CLANG_WARN_DOCUMENTATION_COMMENTS = YES;
				CLANG_WARN_EMPTY_BODY = YES;
				CLANG_WARN_ENUM_CONVERSION = YES;
				CLANG_WARN_INFINITE_RECURSION = YES;
				CLANG_WARN_INT_CONVERSION = YES;
				CLANG_WARN_NON_LITERAL_NULL_CONVERSION = YES;
				CLANG_WARN_OBJC_IMPLICIT_RETAIN_SELF = YES;
				CLANG_WARN_OBJC_LITERAL_CONVERSION = YES;
				CLANG_WARN_OBJC_ROOT_CLASS = YES_ERROR;
				CLANG_WARN_RANGE_LOOP_ANALYSIS = YES;
				CLANG_WARN_STRICT_PROTOTYPES = YES;
				CLANG_WARN_SUSPICIOUS_MOVE = YES;
				CLANG_WARN_UNGUARDED_AVAILABILITY = YES_AGGRESSIVE;
				CLANG_WARN_UNREACHABLE_CODE = YES;
				CLANG_WARN__DUPLICATE_METHOD_MATCH = YES;
				CODE_SIGN_IDENTITY = "iPhone Developer";
				COPY_PHASE_STRIP = NO;
				DEBUG_INFORMATION_FORMAT = "dwarf-with-dsym";
				ENABLE_NS_ASSERTIONS = NO;
				ENABLE_STRICT_OBJC_MSGSEND = YES;
				GCC_C_LANGUAGE_STANDARD = gnu11;
				GCC_NO_COMMON_BLOCKS = YES;
				GCC_WARN_64_TO_32_BIT_CONVERSION = YES;
				GCC_WARN_ABOUT_RETURN_TYPE = YES_ERROR;
				GCC_WARN_UNDECLARED_SELECTOR = YES;
				GCC_WARN_UNINITIALIZED_AUTOS = YES_AGGRESSIVE;
				GCC_WARN_UNUSED_FUNCTION = YES;
				GCC_WARN_UNUSED_VARIABLE = YES;
				IPHONEOS_DEPLOYMENT_TARGET = 12.0;
				MTL_ENABLE_DEBUG_INFO = NO;
				MTL_FAST_MATH = YES;
				SDKROOT = iphoneos;
				SWIFT_COMPILATION_MODE = wholemodule;
				SWIFT_OPTIMIZATION_LEVEL = "-O";
				VALIDATE_PRODUCT = YES;
			};
			name = Release;
		};
		19E0CB92217D75D5007290BA /* Debug */ = {
			isa = XCBuildConfiguration;
			buildSettings = {
				ASSETCATALOG_COMPILER_APPICON_NAME = AppIcon;
				CODE_SIGN_STYLE = Automatic;
				INFOPLIST_FILE = JXPopupView/Info.plist;
				IPHONEOS_DEPLOYMENT_TARGET = 9.0;
				LD_RUNPATH_SEARCH_PATHS = (
					"$(inherited)",
					"@executable_path/Frameworks",
				);
				PRODUCT_BUNDLE_IDENTIFIER = jiaxin.JXPopupView;
				PRODUCT_NAME = "$(TARGET_NAME)";
				SWIFT_VERSION = 4.2;
				TARGETED_DEVICE_FAMILY = "1,2";
			};
			name = Debug;
		};
		19E0CB93217D75D5007290BA /* Release */ = {
			isa = XCBuildConfiguration;
			buildSettings = {
				ASSETCATALOG_COMPILER_APPICON_NAME = AppIcon;
				CODE_SIGN_STYLE = Automatic;
				INFOPLIST_FILE = JXPopupView/Info.plist;
				IPHONEOS_DEPLOYMENT_TARGET = 9.0;
				LD_RUNPATH_SEARCH_PATHS = (
					"$(inherited)",
					"@executable_path/Frameworks",
				);
				PRODUCT_BUNDLE_IDENTIFIER = jiaxin.JXPopupView;
				PRODUCT_NAME = "$(TARGET_NAME)";
				SWIFT_VERSION = 4.2;
				TARGETED_DEVICE_FAMILY = "1,2";
			};
			name = Release;
		};
/* End XCBuildConfiguration section */

/* Begin XCConfigurationList section */
		19E0CB7A217D75D3007290BA /* Build configuration list for PBXProject "JXPopupView" */ = {
			isa = XCConfigurationList;
			buildConfigurations = (
				19E0CB8F217D75D5007290BA /* Debug */,
				19E0CB90217D75D5007290BA /* Release */,
			);
			defaultConfigurationIsVisible = 0;
			defaultConfigurationName = Release;
		};
		19E0CB91217D75D5007290BA /* Build configuration list for PBXNativeTarget "JXPopupView" */ = {
			isa = XCConfigurationList;
			buildConfigurations = (
				19E0CB92217D75D5007290BA /* Debug */,
				19E0CB93217D75D5007290BA /* Release */,
			);
			defaultConfigurationIsVisible = 0;
			defaultConfigurationName = Release;
		};
/* End XCConfigurationList section */
	};
	rootObject = 19E0CB77217D75D3007290BA /* Project object */;
}
